dependencies:
- name: nfs-server-provisioner
  repository: https://kubernetes-charts.storage.googleapis.com/
  version: 0.1.5
- name: mariadb
  repository: https://kubernetes-charts.storage.googleapis.com/
  version: 5.0.0
digest: sha256:a038d04a6a4098924761e0eb2c47ad6463ba978edd5f75da90c57cb3a8c464f2
generated: 2018-09-20T10:46:54.575325648-07:00
