dependencies:
- name: percona-xtradb-cluster
  repository: https://kubernetes-charts.storage.googleapis.com/
  version: 0.1.5
- name: nfs-server-provisioner
  repository: https://kubernetes-charts.storage.googleapis.com/
  version: 0.1.5
digest: sha256:1b3ce3e5f0363dc7fed0b80402af181d51e8e869d0d0e606e17fd29ef328abc8
generated: 2018-09-04T12:06:57.920486751-07:00
