dependencies:
- name: postgresql
  repository: https://kubernetes-charts.storage.googleapis.com/
  version: 0.15.2
- name: rabbitmq
  repository: https://kubernetes-charts.storage.googleapis.com/
  version: 2.1.3
- name: memcached
  repository: https://kubernetes-charts.storage.googleapis.com/
  version: 2.3.0
digest: sha256:f44cb2d6c6f4065de2570e83874347914da812918275dbca3195dc1a5f95f87d
generated: 2018-09-01T16:15:28.334579758-07:00
